{
  "originHash" : "5fc0c9cf1d3845ec311b6e0b572d4c84f5b5ca3d42a1e50cd89c46158ccf5389",
  "pins" : [
    {
      "identity" : "mapbox-directions-swift",
      "kind" : "remoteSourceControl",
      "location" : "https://github.com/flitsmeister/mapbox-directions-swift",
      "state" : {
        "revision" : "96a58cf55e15811b43a73c2b36d1e93bca410023",
        "version" : "0.23.5"
      }
    },
    {
      "identity" : "maplibre-gl-native-distribution",
      "kind" : "remoteSourceControl",
      "location" : "https://github.com/maplibre/maplibre-gl-native-distribution.git",
      "state" : {
        "revision" : "5ee345ca5d65238a6fce29bba87816204be7df20",
        "version" : "6.28.0"
      }
    },
    {
      "identity" : "maplibre-navigation-ios",
      "kind" : "remoteSourceControl",
      "location" : "https://github.com/maplibre/maplibre-navigation-ios",
      "state" : {
        "revision" : "264af37aafc257d96090576a836ccbe03448e9d6",
        "version" : "4.1.1"
      }
    },
    {
      "identity" : "polyline",
      "kind" : "remoteSourceControl",
      "location" : "https://github.com/raphaelmor/Polyline",
      "state" : {
        "revision" : "353f80378dcd8f17eefe8550090c6b1ae3c9da23",
        "version" : "5.1.0"
      }
    },
    {
      "identity" : "solar",
      "kind" : "remoteSourceControl",
      "location" : "https://github.com/ceeK/Solar.git",
      "state" : {
        "revision" : "c2b96f2d5fb7f835b91cefac5e83101f54643901",
        "version" : "3.0.1"
      }
    },
    {
      "identity" : "turf-swift",
      "kind" : "remoteSourceControl",
      "location" : "https://github.com/flitsmeister/turf-swift",
      "state" : {
        "revision" : "b05b4658d1b48eac4127a0d9ebbb5a6f965a8251",
        "version" : "0.2.2"
      }
    }
  ],
  "version" : 3
}
